
Microsoft Visual Studio Solution File, Format Version 12.00
# Visual Studio Version 17
VisualStudioVersion = 17.13.35919.96 d17.13
MinimumVisualStudioVersion = 10.0.40219.1
Project("{FAE04EC0-301F-11D3-BF4B-00C04F79EFBC}") = "ProductApp", "ProductApp\ProductApp.csproj", "{380A29E4-C0D9-403C-B34D-016E10FF8073}"
EndProject
Global
	GlobalSection(SolutionConfigurationPlatforms) = preSolution
		Debug|Any CPU = Debug|Any CPU
		Release|Any CPU = Release|Any CPU
	EndGlobalSection
	GlobalSection(ProjectConfigurationPlatforms) = postSolution
		{380A29E4-C0D9-403C-B34D-016E10FF8073}.Debug|Any CPU.ActiveCfg = Debug|Any CPU
		{380A29E4-C0D9-403C-B34D-016E10FF8073}.Debug|Any CPU.Build.0 = Debug|Any CPU
		{380A29E4-C0D9-403C-B34D-016E10FF8073}.Release|Any CPU.ActiveCfg = Release|Any CPU
		{380A29E4-C0D9-403C-B34D-016E10FF8073}.Release|Any CPU.Build.0 = Release|Any CPU
	EndGlobalSection
	GlobalSection(SolutionProperties) = preSolution
		HideSolutionNode = FALSE
	EndGlobalSection
	GlobalSection(ExtensibilityGlobals) = postSolution
		SolutionGuid = {ED671B10-D722-48E2-9C4E-88AD156D8257}
	EndGlobalSection
EndGlobal
